{
  "projects": [
    {
      "projectId": "seaQhLVS4bbjiGvJJrRwyL",
      "version": "15.0.3",
      "dependencies": {},
      "lang": "js",
      "fileLocks": [
        {
          "assetId": "seaQhLVS4bbjiGvJJrRwyL",
          "type": "projectCss",
          "checksum": "8b140f54acb9f4aedf0b769d566851ea"
        }
      ],
      "codegenVersion": "0.0.1"
    },
    {
      "projectId": "dgBtgJWKXpiEkiQJZCXKny",
      "version": "latest",
      "dependencies": {
        "seaQhLVS4bbjiGvJJrRwyL": "15.0.3"
      },
      "lang": "js",
      "fileLocks": [
        {
          "type": "globalVariant",
          "assetId": "UXGA8HmZHnRg",
          "checksum": "a219d8fcb34526b80fc4a3fb2f193caa"
        },
        {
          "assetId": "dgBtgJWKXpiEkiQJZCXKny",
          "type": "projectCss",
          "checksum": "047d58e23e73f57361b7d7137a082be5"
        },
        {
          "type": "renderModule",
          "assetId": "q5pRCaKipb5Q",
          "checksum": "fa84c9f0b40146cdff9cdf9f36514fa2"
        },
        {
          "type": "cssRules",
          "assetId": "q5pRCaKipb5Q",
          "checksum": "fa84c9f0b40146cdff9cdf9f36514fa2"
        },
        {
          "type": "renderModule",
          "assetId": "U6-T5TbC5QGe",
          "checksum": "d2721691e78d7d8bc26ebc56ea3c5c80"
        },
        {
          "type": "cssRules",
          "assetId": "U6-T5TbC5QGe",
          "checksum": "d2721691e78d7d8bc26ebc56ea3c5c80"
        },
        {
          "type": "renderModule",
          "assetId": "2A9R8l-2hG7g",
          "checksum": "51c587aac2fe698c59fc444ec2079517"
        },
        {
          "type": "cssRules",
          "assetId": "2A9R8l-2hG7g",
          "checksum": "51c587aac2fe698c59fc444ec2079517"
        },
        {
          "type": "renderModule",
          "assetId": "oV706oY_O_vR",
          "checksum": "9b54291f3556848c3fd6eb62179b54fa"
        },
        {
          "type": "cssRules",
          "assetId": "oV706oY_O_vR",
          "checksum": "9b54291f3556848c3fd6eb62179b54fa"
        },
        {
          "type": "renderModule",
          "assetId": "LJ4OtZr4xVdY",
          "checksum": "9d4fc6d8b222743bfe14d049fe37ab7b"
        },
        {
          "type": "cssRules",
          "assetId": "LJ4OtZr4xVdY",
          "checksum": "9d4fc6d8b222743bfe14d049fe37ab7b"
        },
        {
          "type": "renderModule",
          "assetId": "ClPWQqFPXOJp",
          "checksum": "7c28c96cd8373a7d1d9bbbc6c3b65d94"
        },
        {
          "type": "cssRules",
          "assetId": "ClPWQqFPXOJp",
          "checksum": "7c28c96cd8373a7d1d9bbbc6c3b65d94"
        },
        {
          "type": "renderModule",
          "assetId": "7XMgK7C9Y5MY",
          "checksum": "63f0e578165252b8562f9a02ca9bbeaa"
        },
        {
          "type": "cssRules",
          "assetId": "7XMgK7C9Y5MY",
          "checksum": "63f0e578165252b8562f9a02ca9bbeaa"
        },
        {
          "type": "renderModule",
          "assetId": "XTKC1JhUGNbq",
          "checksum": "c2e08e73d6879306dcb8cae8d8bfff8b"
        },
        {
          "type": "cssRules",
          "assetId": "XTKC1JhUGNbq",
          "checksum": "c2e08e73d6879306dcb8cae8d8bfff8b"
        },
        {
          "type": "renderModule",
          "assetId": "rqxb8sSG0wyw",
          "checksum": "8f40e39696300749c97b65574d76467c"
        },
        {
          "type": "cssRules",
          "assetId": "rqxb8sSG0wyw",
          "checksum": "8f40e39696300749c97b65574d76467c"
        },
        {
          "type": "renderModule",
          "assetId": "YGACddWYvtn2",
          "checksum": "dadbe2f53219be56eb389817da46ce42"
        },
        {
          "type": "cssRules",
          "assetId": "YGACddWYvtn2",
          "checksum": "dadbe2f53219be56eb389817da46ce42"
        },
        {
          "type": "renderModule",
          "assetId": "yv6bUeepFAnv",
          "checksum": "65b0f6103a1859eacab862f70f1ec8f9"
        },
        {
          "type": "cssRules",
          "assetId": "yv6bUeepFAnv",
          "checksum": "65b0f6103a1859eacab862f70f1ec8f9"
        },
        {
          "type": "renderModule",
          "assetId": "1pTTC_bx66Im",
          "checksum": "eb720e36e20f7906a9980b41ec9eeb48"
        },
        {
          "type": "cssRules",
          "assetId": "1pTTC_bx66Im",
          "checksum": "eb720e36e20f7906a9980b41ec9eeb48"
        },
        {
          "type": "renderModule",
          "assetId": "nf3TAlgKpsVP",
          "checksum": "3b5b0fac98901d15120410ebb0a43845"
        },
        {
          "type": "cssRules",
          "assetId": "nf3TAlgKpsVP",
          "checksum": "3b5b0fac98901d15120410ebb0a43845"
        },
        {
          "type": "renderModule",
          "assetId": "OJ2qrSFU9e3F",
          "checksum": "e1339e58d719a4a1b93126884cb2417d"
        },
        {
          "type": "cssRules",
          "assetId": "OJ2qrSFU9e3F",
          "checksum": "e1339e58d719a4a1b93126884cb2417d"
        },
        {
          "type": "renderModule",
          "assetId": "dFbDhmQ8tpdI",
          "checksum": "2117ef859c5595fcb843aedb391155e6"
        },
        {
          "type": "cssRules",
          "assetId": "dFbDhmQ8tpdI",
          "checksum": "2117ef859c5595fcb843aedb391155e6"
        },
        {
          "type": "renderModule",
          "assetId": "4HzlOQrV3rKU",
          "checksum": "158ca8a4e31842bc474808266c7c1486"
        },
        {
          "type": "cssRules",
          "assetId": "4HzlOQrV3rKU",
          "checksum": "158ca8a4e31842bc474808266c7c1486"
        },
        {
          "type": "renderModule",
          "assetId": "JEH9x61VAO_Y",
          "checksum": "b69fcfa6a35b8729cb8e0389268ba68e"
        },
        {
          "type": "cssRules",
          "assetId": "JEH9x61VAO_Y",
          "checksum": "b69fcfa6a35b8729cb8e0389268ba68e"
        },
        {
          "type": "icon",
          "assetId": "J7bbdAZ4Uv_o",
          "checksum": "0907735dab03238de4bd970bab7847f9"
        },
        {
          "type": "icon",
          "assetId": "FQ7Q_e9IEpG0",
          "checksum": "cfb9f164a9099d6580aac7a908c8c7e7"
        },
        {
          "type": "icon",
          "assetId": "cf_f59L2n9cM",
          "checksum": "f9622d85e14e4b6ec19d3341c2cc5da3"
        },
        {
          "type": "icon",
          "assetId": "amjHbATKO2fv",
          "checksum": "5dc116052af04d2897878763aa726235"
        },
        {
          "type": "icon",
          "assetId": "Z8pcqmbcdUBD",
          "checksum": "584fa3d20cf10622fecd1b05aee6bb78"
        },
        {
          "type": "icon",
          "assetId": "OcFXBW5v9lKa",
          "checksum": "35591dfe6a7974099d253ed6201245b4"
        },
        {
          "type": "icon",
          "assetId": "un9nUXOvrXPO",
          "checksum": "c25cfbb85418a49d979c5a9b44268471"
        },
        {
          "type": "icon",
          "assetId": "e9LZFaEfON4D",
          "checksum": "f9f6c1d789fa3a063e66f17c02890bf4"
        },
        {
          "type": "icon",
          "assetId": "VS4NBgHOIEa-",
          "checksum": "3296b52fb0f5c40f164db2e85a40e6ad"
        },
        {
          "type": "icon",
          "assetId": "xPOzwc-JTdKT",
          "checksum": "8ca8761d28b271c7e20590ee364404b9"
        },
        {
          "type": "icon",
          "assetId": "Qrntg3As4jHL",
          "checksum": "39c5e2b8325faccdb54c3113e73b4917"
        },
        {
          "type": "icon",
          "assetId": "i3vVdgjEi_PT",
          "checksum": "c87bc5ed50dbb0a49a2567e808e8a4f6"
        },
        {
          "type": "icon",
          "assetId": "dimVYHGYioMA",
          "checksum": "4b49d2cde39a5e82cb7588cc0afe3baf"
        },
        {
          "type": "icon",
          "assetId": "dwkmii8SxrVt",
          "checksum": "8356168b398a2e305668a53de2d887d8"
        },
        {
          "type": "icon",
          "assetId": "zh45DP32CK-4",
          "checksum": "a58a20373481c68222a0e1d1da55612c"
        },
        {
          "type": "icon",
          "assetId": "Yd-f_rdBBib0",
          "checksum": "8a19a1c0fe284cf50c6cb5564477510e"
        },
        {
          "type": "icon",
          "assetId": "jhhCn4JqkMpr",
          "checksum": "a1cde6cb45722360818ca6b18c132c02"
        },
        {
          "type": "icon",
          "assetId": "wG9h0Y39ofYH",
          "checksum": "744e1b6716d44e75d6d797814b5612e4"
        },
        {
          "type": "icon",
          "assetId": "4OhA0tPTgK0m",
          "checksum": "8eb694ddec81a261265b6f53a9aa6dad"
        },
        {
          "type": "icon",
          "assetId": "PzrxqioMHMTe",
          "checksum": "8ed72ce0499aa483e2b5394c7479514e"
        },
        {
          "type": "icon",
          "assetId": "5qEcVtBMjZTC",
          "checksum": "42956807b9acc3259c9387d76cd5aaa4"
        },
        {
          "type": "icon",
          "assetId": "eQ7qeLiqlc0I",
          "checksum": "3f3307a9fe5425dc8e83dd998a41a514"
        },
        {
          "type": "image",
          "assetId": "KrsizuMjxqgg",
          "checksum": "3c9d48b3f6affd6fe83f9bb7d52d0839"
        },
        {
          "type": "image",
          "assetId": "yspnDYNZWbwc",
          "checksum": "64f09d25de090990ff3896bd49239fe0"
        },
        {
          "type": "image",
          "assetId": "lOefxPeY96rt",
          "checksum": "6b3c3f8619ec73e51f7efc445f0f49cf"
        },
        {
          "type": "image",
          "assetId": "lgLUDfgH9yWg",
          "checksum": "d2bc07a45cb6bd043162ce07c2e2655b"
        }
      ],
      "codegenVersion": "0.0.1"
    }
  ],
  "cliVersion": "0.1.326"
}
